
Microsoft Visual Studio Solution File, Format Version 12.00
# Visual Studio Version 16
VisualStudioVersion = 16.0.29418.71
MinimumVisualStudioVersion = 10.0.40219.1
Project("{FAE04EC0-301F-11D3-BF4B-00C04F79EFBC}") = "BCDrepresentation", "BCDrepresentation\BCDrepresentation.csproj", "{941B5911-9F04-40D7-880A-5CBA65307709}"
EndProject
Global
	GlobalSection(SolutionConfigurationPlatforms) = preSolution
		Debug|Any CPU = Debug|Any CPU
		Release|Any CPU = Release|Any CPU
	EndGlobalSection
	GlobalSection(ProjectConfigurationPlatforms) = postSolution
		{941B5911-9F04-40D7-880A-5CBA65307709}.Debug|Any CPU.ActiveCfg = Debug|Any CPU
		{941B5911-9F04-40D7-880A-5CBA65307709}.Debug|Any CPU.Build.0 = Debug|Any CPU
		{941B5911-9F04-40D7-880A-5CBA65307709}.Release|Any CPU.ActiveCfg = Release|Any CPU
		{941B5911-9F04-40D7-880A-5CBA65307709}.Release|Any CPU.Build.0 = Release|Any CPU
	EndGlobalSection
	GlobalSection(SolutionProperties) = preSolution
		HideSolutionNode = FALSE
	EndGlobalSection
	GlobalSection(ExtensibilityGlobals) = postSolution
		SolutionGuid = {7735979C-68CA-43CC-B95D-98866E26D757}
	EndGlobalSection
EndGlobal
